// !$*UTF8*$!
{
	archiveVersion = 1;
	classes = {
	};
	objectVersion = 50;
	objects = {

/* Begin PBXBuildFile section */
		01B5D20821A7D0B1008E0547 /* AppDelegate.m in Sources */ = {isa = PBXBuildFile; fileRef = 01B5D20721A7D0B1008E0547 /* AppDelegate.m */; };
		01B5D20B21A7D0B1008E0547 /* ViewController.m in Sources */ = {isa = PBXBuildFile; fileRef = 01B5D20A21A7D0B1008E0547 /* ViewController.m */; };
		01B5D20E21A7D0B1008E0547 /* Main.storyboard in Resources */ = {isa = PBXBuildFile; fileRef = 01B5D20C21A7D0B1008E0547 /* Main.storyboard */; };
		01B5D21021A7D0B2008E0547 /* Assets.xcassets in Resources */ = {isa = PBXBuildFile; fileRef = 01B5D20F21A7D0B2008E0547 /* Assets.xcassets */; };
		01B5D21321A7D0B2008E0547 /* LaunchScreen.storyboard in Resources */ = {isa = PBXBuildFile; fileRef = 01B5D21121A7D0B2008E0547 /* LaunchScreen.storyboard */; };
		01B5D21621A7D0B2008E0547 /* main.m in Sources */ = {isa = PBXBuildFile; fileRef = 01B5D21521A7D0B2008E0547 /* main.m */; };
/* End PBXBuildFile section */

/* Begin PBXFileReference section */
		01B5D20321A7D0B1008E0547 /* iosbeginch18.app */ = {isa = PBXFileReference; explicitFileType = wrapper.application; includeInIndex = 0; path = iosbeginch18.app; sourceTree = BUILT_PRODUCTS_DIR; };
		01B5D20621A7D0B1008E0547 /* AppDelegate.h */ = {isa = PBXFileReference; lastKnownFileType = sourcecode.c.h; path = AppDelegate.h; sourceTree = "<group>"; };
		01B5D20721A7D0B1008E0547 /* AppDelegate.m */ = {isa = PBXFileReference; lastKnownFileType = sourcecode.c.objc; path = AppDelegate.m; sourceTree = "<group>"; };
		01B5D20921A7D0B1008E0547 /* ViewController.h */ = {isa = PBXFileReference; lastKnownFileType = sourcecode.c.h; path = ViewController.h; sourceTree = "<group>"; };
		01B5D20A21A7D0B1008E0547 /* ViewController.m */ = {isa = PBXFileReference; lastKnownFileType = sourcecode.c.objc; path = ViewController.m; sourceTree = "<group>"; };
		01B5D20D21A7D0B1008E0547 /* Base */ = {isa = PBXFileReference; lastKnownFileType = file.storyboard; name = Base; path = Base.lproj/Main.storyboard; sourceTree = "<group>"; };
		01B5D20F21A7D0B2008E0547 /* Assets.xcassets */ = {isa = PBXFileReference; lastKnownFileType = folder.assetcatalog; path = Assets.xcassets; sourceTree = "<group>"; };
		01B5D21221A7D0B2008E0547 /* Base */ = {isa = PBXFileReference; lastKnownFileType = file.storyboard; name = Base; path = Base.lproj/LaunchScreen.storyboard; sourceTree = "<group>"; };
		01B5D21421A7D0B2008E0547 /* Info.plist */ = {isa = PBXFileReference; lastKnownFileType = text.plist.xml; path = Info.plist; sourceTree = "<group>"; };
		01B5D21521A7D0B2008E0547 /* main.m */ = {isa = PBXFileReference; lastKnownFileType = sourcecode.c.objc; path = main.m; sourceTree = "<group>"; };
/* End PBXFileReference section */

/* Begin PBXFrameworksBuildPhase section */
		01B5D20021A7D0B1008E0547 /* Frameworks */ = {
			isa = PBXFrameworksBuildPhase;
			buildActionMask = 2147483647;
			files = (
			);
			runOnlyForDeploymentPostprocessing = 0;
		};
/* End PBXFrameworksBuildPhase section */

/* Begin PBXGroup section */
		01B5D1FA21A7D0B1008E0547 = {
			isa = PBXGroup;
			children = (
				01B5D20521A7D0B1008E0547 /* iosbeginch18 */,
				01B5D20421A7D0B1008E0547 /* Products */,
			);
			sourceTree = "<group>";
		};
		01B5D20421A7D0B1008E0547 /* Products */ = {
			isa = PBXGroup;
			children = (
				01B5D20321A7D0B1008E0547 /* iosbeginch18.app */,
			);
			name = Products;
			sourceTree = "<group>";
		};
		01B5D20521A7D0B1008E0547 /* iosbeginch18 */ = {
			isa = PBXGroup;
			children = (
				01B5D20621A7D0B1008E0547 /* AppDelegate.h */,
				01B5D20721A7D0B1008E0547 /* AppDelegate.m */,
				01B5D20921A7D0B1008E0547 /* ViewController.h */,
				01B5D20A21A7D0B1008E0547 /* ViewController.m */,
				01B5D20C21A7D0B1008E0547 /* Main.storyboard */,
				01B5D20F21A7D0B2008E0547 /* Assets.xcassets */,
				01B5D21121A7D0B2008E0547 /* LaunchScreen.storyboard */,
				01B5D21421A7D0B2008E0547 /* Info.plist */,
				01B5D21521A7D0B2008E0547 /* main.m */,
			);
			path = iosbeginch18;
			sourceTree = "<group>";
		};
/* End PBXGroup section */

/* Begin PBXNativeTarget section */
		01B5D20221A7D0B1008E0547 /* iosbeginch18 */ = {
			isa = PBXNativeTarget;
			buildConfigurationList = 01B5D21921A7D0B2008E0547 /* Build configuration list for PBXNativeTarget "iosbeginch18" */;
			buildPhases = (
				01B5D1FF21A7D0B1008E0547 /* Sources */,
				01B5D20021A7D0B1008E0547 /* Frameworks */,
				01B5D20121A7D0B1008E0547 /* Resources */,
			);
			buildRules = (
			);
			dependencies = (
			);
			name = iosbeginch18;
			productName = iosbeginch18;
			productReference = 01B5D20321A7D0B1008E0547 /* iosbeginch18.app */;
			productType = "com.apple.product-type.application";
		};
/* End PBXNativeTarget section */

/* Begin PBXProject section */
		01B5D1FB21A7D0B1008E0547 /* Project object */ = {
			isa = PBXProject;
			attributes = {
				LastUpgradeCheck = 1010;
				ORGANIZATIONNAME = annilq;
				TargetAttributes = {
					01B5D20221A7D0B1008E0547 = {
						CreatedOnToolsVersion = 10.1;
					};
				};
			};
			buildConfigurationList = 01B5D1FE21A7D0B1008E0547 /* Build configuration list for PBXProject "iosbeginch18" */;
			compatibilityVersion = "Xcode 9.3";
			developmentRegion = en;
			hasScannedForEncodings = 0;
			knownRegions = (
				en,
				Base,
			);
			mainGroup = 01B5D1FA21A7D0B1008E0547;
			productRefGroup = 01B5D20421A7D0B1008E0547 /* Products */;
			projectDirPath = "";
			projectRoot = "";
			targets = (
				01B5D20221A7D0B1008E0547 /* iosbeginch18 */,
			);
		};
/* End PBXProject section */

/* Begin PBXResourcesBuildPhase section */
		01B5D20121A7D0B1008E0547 /* Resources */ = {
			isa = PBXResourcesBuildPhase;
			buildActionMask = 2147483647;
			files = (
				01B5D21321A7D0B2008E0547 /* LaunchScreen.storyboard in Resources */,
				01B5D21021A7D0B2008E0547 /* Assets.xcassets in Resources */,
				01B5D20E21A7D0B1008E0547 /* Main.storyboard in Resources */,
			);
			runOnlyForDeploymentPostprocessing = 0;
		};
/* End PBXResourcesBuildPhase section */

/* Begin PBXSourcesBuildPhase section */
		01B5D1FF21A7D0B1008E0547 /* Sources */ = {
			isa = PBXSourcesBuildPhase;
			buildActionMask = 2147483647;
			files = (
				01B5D20B21A7D0B1008E0547 /* ViewController.m in Sources */,
				01B5D21621A7D0B2008E0547 /* main.m in Sources */,
				01B5D20821A7D0B1008E0547 /* AppDelegate.m in Sources */,
			);
			runOnlyForDeploymentPostprocessing = 0;
		};
/* End PBXSourcesBuildPhase section */

/* Begin PBXVariantGroup section */
		01B5D20C21A7D0B1008E0547 /* Main.storyboard */ = {
			isa = PBXVariantGroup;
			children = (
				01B5D20D21A7D0B1008E0547 /* Base */,
			);
			name = Main.storyboard;
			sourceTree = "<group>";
		};
		01B5D21121A7D0B2008E0547 /* LaunchScreen.storyboard */ = {
			isa = PBXVariantGroup;
			children = (
				01B5D21221A7D0B2008E0547 /* Base */,
			);
			name = LaunchScreen.storyboard;
			sourceTree = "<group>";
		};
/* End PBXVariantGroup section */

/* Begin XCBuildConfiguration section */
		01B5D21721A7D0B2008E0547 /* Debug */ = {
			isa = XCBuildConfiguration;
			buildSettings = {
				ALWAYS_SEARCH_USER_PATHS = NO;
				CLANG_ANALYZER_NONNULL = YES;
				CLANG_ANALYZER_NUMBER_OBJECT_CONVERSION = YES_AGGRESSIVE;
				CLANG_CXX_LANGUAGE_STANDARD = "gnu++14";
				CLANG_CXX_LIBRARY = "libc++";
				CLANG_ENABLE_MODULES = YES;
				CLANG_ENABLE_OBJC_ARC = YES;
				CLANG_ENABLE_OBJC_WEAK = YES;
				CLANG_WARN_BLOCK_CAPTURE_AUTORELEASING = YES;
				CLANG_WARN_BOOL_CONVERSION = YES;
				CLANG_WARN_COMMA = YES;
				CLANG_WARN_CONSTANT_CONVERSION = YES;
				CLANG_WARN_DEPRECATED_OBJC_IMPLEMENTATIONS = YES;
				CLANG_WARN_DIRECT_OBJC_ISA_USAGE = YES_ERROR;
				CLANG_WARN_DOCUMENTATION_COMMENTS = YES;
				CLANG_WARN_EMPTY_BODY = YES;
				CLANG_WARN_ENUM_CONVERSION = YES;
				CLANG_WARN_INFINITE_RECURSION = YES;
				CLANG_WARN_INT_CONVERSION = YES;
				CLANG_WARN_NON_LITERAL_NULL_CONVERSION = YES;
				CLANG_WARN_OBJC_IMPLICIT_RETAIN_SELF = YES;
				CLANG_WARN_OBJC_LITERAL_CONVERSION = YES;
				CLANG_WARN_OBJC_ROOT_CLASS = YES_ERROR;
				CLANG_WARN_RANGE_LOOP_ANALYSIS = YES;
				CLANG_WARN_STRICT_PROTOTYPES = YES;
				CLANG_WARN_SUSPICIOUS_MOVE = YES;
				CLANG_WARN_UNGUARDED_AVAILABILITY = YES_AGGRESSIVE;
				CLANG_WARN_UNREACHABLE_CODE = YES;
				CLANG_WARN__DUPLICATE_METHOD_MATCH = YES;
				CODE_SIGN_IDENTITY = "iPhone Developer";
				COPY_PHASE_STRIP = NO;
				DEBUG_INFORMATION_FORMAT = dwarf;
				ENABLE_STRICT_OBJC_MSGSEND = YES;
				ENABLE_TESTABILITY = YES;
				GCC_C_LANGUAGE_STANDARD = gnu11;
				GCC_DYNAMIC_NO_PIC = NO;
				GCC_NO_COMMON_BLOCKS = YES;
				GCC_OPTIMIZATION_LEVEL = 0;
				GCC_PREPROCESSOR_DEFINITIONS = (
					"DEBUG=1",
					"$(inherited)",
				);
				GCC_WARN_64_TO_32_BIT_CONVERSION = YES;
				GCC_WARN_ABOUT_RETURN_TYPE = YES_ERROR;
				GCC_WARN_UNDECLARED_SELECTOR = YES;
				GCC_WARN_UNINITIALIZED_AUTOS = YES_AGGRESSIVE;
				GCC_WARN_UNUSED_FUNCTION = YES;
				GCC_WARN_UNUSED_VARIABLE = YES;
				IPHONEOS_DEPLOYMENT_TARGET = 12.1;
				MTL_ENABLE_DEBUG_INFO = INCLUDE_SOURCE;
				MTL_FAST_MATH = YES;
				ONLY_ACTIVE_ARCH = YES;
				SDKROOT = iphoneos;
			};
			name = Debug;
		};
		01B5D21821A7D0B2008E0547 /* Release */ = {
			isa = XCBuildConfiguration;
			buildSettings = {
				ALWAYS_SEARCH_USER_PATHS = NO;
				CLANG_ANALYZER_NONNULL = YES;
				CLANG_ANALYZER_NUMBER_OBJECT_CONVERSION = YES_AGGRESSIVE;
				CLANG_CXX_LANGUAGE_STANDARD = "gnu++14";
				CLANG_CXX_LIBRARY = "libc++";
				CLANG_ENABLE_MODULES = YES;
				CLANG_ENABLE_OBJC_ARC = YES;
				CLANG_ENABLE_OBJC_WEAK = YES;
				CLANG_WARN_BLOCK_CAPTURE_AUTORELEASING = YES;
				CLANG_WARN_BOOL_CONVERSION = YES;
				CLANG_WARN_COMMA = YES;
				CLANG_WARN_CONSTANT_CONVERSION = YES;
				CLANG_WARN_DEPRECATED_OBJC_IMPLEMENTATIONS = YES;
				CLANG_WARN_DIRECT_OBJC_ISA_USAGE = YES_ERROR;
				CLANG_WARN_DOCUMENTATION_COMMENTS = YES;
				CLANG_WARN_EMPTY_BODY = YES;
				CLANG_WARN_ENUM_CONVERSION = YES;
				CLANG_WARN_INFINITE_RECURSION = YES;
				CLANG_WARN_INT_CONVERSION = YES;
				CLANG_WARN_NON_LITERAL_NULL_CONVERSION = YES;
				CLANG_WARN_OBJC_IMPLICIT_RETAIN_SELF = YES;
				CLANG_WARN_OBJC_LITERAL_CONVERSION = YES;
				CLANG_WARN_OBJC_ROOT_CLASS = YES_ERROR;
				CLANG_WARN_RANGE_LOOP_ANALYSIS = YES;
				CLANG_WARN_STRICT_PROTOTYPES = YES;
				CLANG_WARN_SUSPICIOUS_MOVE = YES;
				CLANG_WARN_UNGUARDED_AVAILABILITY = YES_AGGRESSIVE;
				CLANG_WARN_UNREACHABLE_CODE = YES;
				CLANG_WARN__DUPLICATE_METHOD_MATCH = YES;
				CODE_SIGN_IDENTITY = "iPhone Developer";
				COPY_PHASE_STRIP = NO;
				DEBUG_INFORMATION_FORMAT = "dwarf-with-dsym";
				ENABLE_NS_ASSERTIONS = NO;
				ENABLE_STRICT_OBJC_MSGSEND = YES;
				GCC_C_LANGUAGE_STANDARD = gnu11;
				GCC_NO_COMMON_BLOCKS = YES;
				GCC_WARN_64_TO_32_BIT_CONVERSION = YES;
				GCC_WARN_ABOUT_RETURN_TYPE = YES_ERROR;
				GCC_WARN_UNDECLARED_SELECTOR = YES;
				GCC_WARN_UNINITIALIZED_AUTOS = YES_AGGRESSIVE;
				GCC_WARN_UNUSED_FUNCTION = YES;
				GCC_WARN_UNUSED_VARIABLE = YES;
				IPHONEOS_DEPLOYMENT_TARGET = 12.1;
				MTL_ENABLE_DEBUG_INFO = NO;
				MTL_FAST_MATH = YES;
				SDKROOT = iphoneos;
				VALIDATE_PRODUCT = YES;
			};
			name = Release;
		};
		01B5D21A21A7D0B2008E0547 /* Debug */ = {
			isa = XCBuildConfiguration;
			buildSettings = {
				ASSETCATALOG_COMPILER_APPICON_NAME = AppIcon;
				CODE_SIGN_STYLE = Automatic;
				DEVELOPMENT_TEAM = L8U54MA62N;
				INFOPLIST_FILE = iosbeginch18/Info.plist;
				IPHONEOS_DEPLOYMENT_TARGET = 10.0;
				LD_RUNPATH_SEARCH_PATHS = (
					"$(inherited)",
					"@executable_path/Frameworks",
				);
				PRODUCT_BUNDLE_IDENTIFIER = com.jianguanoa.com;
				PRODUCT_NAME = "$(TARGET_NAME)";
				TARGETED_DEVICE_FAMILY = "1,2";
			};
			name = Debug;
		};
		01B5D21B21A7D0B2008E0547 /* Release */ = {
			isa = XCBuildConfiguration;
			buildSettings = {
				ASSETCATALOG_COMPILER_APPICON_NAME = AppIcon;
				CODE_SIGN_STYLE = Automatic;
				DEVELOPMENT_TEAM = L8U54MA62N;
				INFOPLIST_FILE = iosbeginch18/Info.plist;
				IPHONEOS_DEPLOYMENT_TARGET = 10.0;
				LD_RUNPATH_SEARCH_PATHS = (
					"$(inherited)",
					"@executable_path/Frameworks",
				);
				PRODUCT_BUNDLE_IDENTIFIER = com.jianguanoa.com;
				PRODUCT_NAME = "$(TARGET_NAME)";
				TARGETED_DEVICE_FAMILY = "1,2";
			};
			name = Release;
		};
/* End XCBuildConfiguration section */

/* Begin XCConfigurationList section */
		01B5D1FE21A7D0B1008E0547 /* Build configuration list for PBXProject "iosbeginch18" */ = {
			isa = XCConfigurationList;
			buildConfigurations = (
				01B5D21721A7D0B2008E0547 /* Debug */,
				01B5D21821A7D0B2008E0547 /* Release */,
			);
			defaultConfigurationIsVisible = 0;
			defaultConfigurationName = Release;
		};
		01B5D21921A7D0B2008E0547 /* Build configuration list for PBXNativeTarget "iosbeginch18" */ = {
			isa = XCConfigurationList;
			buildConfigurations = (
				01B5D21A21A7D0B2008E0547 /* Debug */,
				01B5D21B21A7D0B2008E0547 /* Release */,
			);
			defaultConfigurationIsVisible = 0;
			defaultConfigurationName = Release;
		};
/* End XCConfigurationList section */
	};
	rootObject = 01B5D1FB21A7D0B1008E0547 /* Project object */;
}
