// !$*UTF8*$!
{
	archiveVersion = 1;
	classes = {
	};
	objectVersion = 50;
	objects = {

/* Begin PBXBuildFile section */
		01D93E2521916B51004132BB /* AppDelegate.m in Sources */ = {isa = PBXBuildFile; fileRef = 01D93E2421916B51004132BB /* AppDelegate.m */; };
		01D93E2B21916B52004132BB /* Main.storyboard in Resources */ = {isa = PBXBuildFile; fileRef = 01D93E2921916B52004132BB /* Main.storyboard */; };
		01D93E2D21916B54004132BB /* Assets.xcassets in Resources */ = {isa = PBXBuildFile; fileRef = 01D93E2C21916B54004132BB /* Assets.xcassets */; };
		01D93E3021916B54004132BB /* LaunchScreen.storyboard in Resources */ = {isa = PBXBuildFile; fileRef = 01D93E2E21916B54004132BB /* LaunchScreen.storyboard */; };
		01D93E3321916B54004132BB /* main.m in Sources */ = {isa = PBXBuildFile; fileRef = 01D93E3221916B54004132BB /* main.m */; };
		01D93E4321916BB1004132BB /* DependentPickerViewController.m in Sources */ = {isa = PBXBuildFile; fileRef = 01D93E3921916BAF004132BB /* DependentPickerViewController.m */; };
		01D93E4421916BB1004132BB /* CustomPickerViewController.m in Sources */ = {isa = PBXBuildFile; fileRef = 01D93E3B21916BAF004132BB /* CustomPickerViewController.m */; };
		01D93E4521916BB1004132BB /* DoublePickerViewController.m in Sources */ = {isa = PBXBuildFile; fileRef = 01D93E3C21916BB0004132BB /* DoublePickerViewController.m */; };
		01D93E4621916BB1004132BB /* SinglePickerViewController.m in Sources */ = {isa = PBXBuildFile; fileRef = 01D93E3D21916BB0004132BB /* SinglePickerViewController.m */; };
		01D93E4721916BB1004132BB /* DatePickerViewController.m in Sources */ = {isa = PBXBuildFile; fileRef = 01D93E4021916BB0004132BB /* DatePickerViewController.m */; };
		01D93E4921917602004132BB /* statedictionary.plist in Resources */ = {isa = PBXBuildFile; fileRef = 01D93E4821917602004132BB /* statedictionary.plist */; };
/* End PBXBuildFile section */

/* Begin PBXFileReference section */
		01D93E2021916B51004132BB /* iosbeginch7a.app */ = {isa = PBXFileReference; explicitFileType = wrapper.application; includeInIndex = 0; path = iosbeginch7a.app; sourceTree = BUILT_PRODUCTS_DIR; };
		01D93E2321916B51004132BB /* AppDelegate.h */ = {isa = PBXFileReference; lastKnownFileType = sourcecode.c.h; path = AppDelegate.h; sourceTree = "<group>"; };
		01D93E2421916B51004132BB /* AppDelegate.m */ = {isa = PBXFileReference; lastKnownFileType = sourcecode.c.objc; path = AppDelegate.m; sourceTree = "<group>"; };
		01D93E2A21916B52004132BB /* Base */ = {isa = PBXFileReference; lastKnownFileType = file.storyboard; name = Base; path = Base.lproj/Main.storyboard; sourceTree = "<group>"; };
		01D93E2C21916B54004132BB /* Assets.xcassets */ = {isa = PBXFileReference; lastKnownFileType = folder.assetcatalog; path = Assets.xcassets; sourceTree = "<group>"; };
		01D93E2F21916B54004132BB /* Base */ = {isa = PBXFileReference; lastKnownFileType = file.storyboard; name = Base; path = Base.lproj/LaunchScreen.storyboard; sourceTree = "<group>"; };
		01D93E3121916B54004132BB /* Info.plist */ = {isa = PBXFileReference; lastKnownFileType = text.plist.xml; path = Info.plist; sourceTree = "<group>"; };
		01D93E3221916B54004132BB /* main.m */ = {isa = PBXFileReference; lastKnownFileType = sourcecode.c.objc; path = main.m; sourceTree = "<group>"; };
		01D93E3921916BAF004132BB /* DependentPickerViewController.m */ = {isa = PBXFileReference; fileEncoding = 4; lastKnownFileType = sourcecode.c.objc; path = DependentPickerViewController.m; sourceTree = "<group>"; };
		01D93E3A21916BAF004132BB /* DatePickerViewController.h */ = {isa = PBXFileReference; fileEncoding = 4; lastKnownFileType = sourcecode.c.h; path = DatePickerViewController.h; sourceTree = "<group>"; };
		01D93E3B21916BAF004132BB /* CustomPickerViewController.m */ = {isa = PBXFileReference; fileEncoding = 4; lastKnownFileType = sourcecode.c.objc; path = CustomPickerViewController.m; sourceTree = "<group>"; };
		01D93E3C21916BB0004132BB /* DoublePickerViewController.m */ = {isa = PBXFileReference; fileEncoding = 4; lastKnownFileType = sourcecode.c.objc; path = DoublePickerViewController.m; sourceTree = "<group>"; };
		01D93E3D21916BB0004132BB /* SinglePickerViewController.m */ = {isa = PBXFileReference; fileEncoding = 4; lastKnownFileType = sourcecode.c.objc; path = SinglePickerViewController.m; sourceTree = "<group>"; };
		01D93E3E21916BB0004132BB /* CustomPickerViewController.h */ = {isa = PBXFileReference; fileEncoding = 4; lastKnownFileType = sourcecode.c.h; path = CustomPickerViewController.h; sourceTree = "<group>"; };
		01D93E3F21916BB0004132BB /* DependentPickerViewController.h */ = {isa = PBXFileReference; fileEncoding = 4; lastKnownFileType = sourcecode.c.h; path = DependentPickerViewController.h; sourceTree = "<group>"; };
		01D93E4021916BB0004132BB /* DatePickerViewController.m */ = {isa = PBXFileReference; fileEncoding = 4; lastKnownFileType = sourcecode.c.objc; path = DatePickerViewController.m; sourceTree = "<group>"; };
		01D93E4121916BB1004132BB /* DoublePickerViewController.h */ = {isa = PBXFileReference; fileEncoding = 4; lastKnownFileType = sourcecode.c.h; path = DoublePickerViewController.h; sourceTree = "<group>"; };
		01D93E4221916BB1004132BB /* SinglePickerViewController.h */ = {isa = PBXFileReference; fileEncoding = 4; lastKnownFileType = sourcecode.c.h; path = SinglePickerViewController.h; sourceTree = "<group>"; };
		01D93E4821917602004132BB /* statedictionary.plist */ = {isa = PBXFileReference; fileEncoding = 4; lastKnownFileType = text.plist.xml; path = statedictionary.plist; sourceTree = "<group>"; };
/* End PBXFileReference section */

/* Begin PBXFrameworksBuildPhase section */
		01D93E1D21916B51004132BB /* Frameworks */ = {
			isa = PBXFrameworksBuildPhase;
			buildActionMask = 2147483647;
			files = (
			);
			runOnlyForDeploymentPostprocessing = 0;
		};
/* End PBXFrameworksBuildPhase section */

/* Begin PBXGroup section */
		01D93E1721916B51004132BB = {
			isa = PBXGroup;
			children = (
				01D93E2221916B51004132BB /* iosbeginch7a */,
				01D93E2121916B51004132BB /* Products */,
			);
			sourceTree = "<group>";
		};
		01D93E2121916B51004132BB /* Products */ = {
			isa = PBXGroup;
			children = (
				01D93E2021916B51004132BB /* iosbeginch7a.app */,
			);
			name = Products;
			sourceTree = "<group>";
		};
		01D93E2221916B51004132BB /* iosbeginch7a */ = {
			isa = PBXGroup;
			children = (
				01D93E3E21916BB0004132BB /* CustomPickerViewController.h */,
				01D93E3B21916BAF004132BB /* CustomPickerViewController.m */,
				01D93E3A21916BAF004132BB /* DatePickerViewController.h */,
				01D93E4021916BB0004132BB /* DatePickerViewController.m */,
				01D93E3F21916BB0004132BB /* DependentPickerViewController.h */,
				01D93E3921916BAF004132BB /* DependentPickerViewController.m */,
				01D93E4121916BB1004132BB /* DoublePickerViewController.h */,
				01D93E3C21916BB0004132BB /* DoublePickerViewController.m */,
				01D93E4221916BB1004132BB /* SinglePickerViewController.h */,
				01D93E3D21916BB0004132BB /* SinglePickerViewController.m */,
				01D93E2321916B51004132BB /* AppDelegate.h */,
				01D93E2421916B51004132BB /* AppDelegate.m */,
				01D93E2921916B52004132BB /* Main.storyboard */,
				01D93E2C21916B54004132BB /* Assets.xcassets */,
				01D93E2E21916B54004132BB /* LaunchScreen.storyboard */,
				01D93E3121916B54004132BB /* Info.plist */,
				01D93E4821917602004132BB /* statedictionary.plist */,
				01D93E3221916B54004132BB /* main.m */,
			);
			path = iosbeginch7a;
			sourceTree = "<group>";
		};
/* End PBXGroup section */

/* Begin PBXNativeTarget section */
		01D93E1F21916B51004132BB /* iosbeginch7a */ = {
			isa = PBXNativeTarget;
			buildConfigurationList = 01D93E3621916B54004132BB /* Build configuration list for PBXNativeTarget "iosbeginch7a" */;
			buildPhases = (
				01D93E1C21916B51004132BB /* Sources */,
				01D93E1D21916B51004132BB /* Frameworks */,
				01D93E1E21916B51004132BB /* Resources */,
			);
			buildRules = (
			);
			dependencies = (
			);
			name = iosbeginch7a;
			productName = iosbeginch7a;
			productReference = 01D93E2021916B51004132BB /* iosbeginch7a.app */;
			productType = "com.apple.product-type.application";
		};
/* End PBXNativeTarget section */

/* Begin PBXProject section */
		01D93E1821916B51004132BB /* Project object */ = {
			isa = PBXProject;
			attributes = {
				LastUpgradeCheck = 1000;
				ORGANIZATIONNAME = annilq;
				TargetAttributes = {
					01D93E1F21916B51004132BB = {
						CreatedOnToolsVersion = 10.0;
					};
				};
			};
			buildConfigurationList = 01D93E1B21916B51004132BB /* Build configuration list for PBXProject "iosbeginch7a" */;
			compatibilityVersion = "Xcode 9.3";
			developmentRegion = en;
			hasScannedForEncodings = 0;
			knownRegions = (
				en,
				Base,
			);
			mainGroup = 01D93E1721916B51004132BB;
			productRefGroup = 01D93E2121916B51004132BB /* Products */;
			projectDirPath = "";
			projectRoot = "";
			targets = (
				01D93E1F21916B51004132BB /* iosbeginch7a */,
			);
		};
/* End PBXProject section */

/* Begin PBXResourcesBuildPhase section */
		01D93E1E21916B51004132BB /* Resources */ = {
			isa = PBXResourcesBuildPhase;
			buildActionMask = 2147483647;
			files = (
				01D93E3021916B54004132BB /* LaunchScreen.storyboard in Resources */,
				01D93E2D21916B54004132BB /* Assets.xcassets in Resources */,
				01D93E4921917602004132BB /* statedictionary.plist in Resources */,
				01D93E2B21916B52004132BB /* Main.storyboard in Resources */,
			);
			runOnlyForDeploymentPostprocessing = 0;
		};
/* End PBXResourcesBuildPhase section */

/* Begin PBXSourcesBuildPhase section */
		01D93E1C21916B51004132BB /* Sources */ = {
			isa = PBXSourcesBuildPhase;
			buildActionMask = 2147483647;
			files = (
				01D93E4621916BB1004132BB /* SinglePickerViewController.m in Sources */,
				01D93E4721916BB1004132BB /* DatePickerViewController.m in Sources */,
				01D93E4521916BB1004132BB /* DoublePickerViewController.m in Sources */,
				01D93E3321916B54004132BB /* main.m in Sources */,
				01D93E4321916BB1004132BB /* DependentPickerViewController.m in Sources */,
				01D93E2521916B51004132BB /* AppDelegate.m in Sources */,
				01D93E4421916BB1004132BB /* CustomPickerViewController.m in Sources */,
			);
			runOnlyForDeploymentPostprocessing = 0;
		};
/* End PBXSourcesBuildPhase section */

/* Begin PBXVariantGroup section */
		01D93E2921916B52004132BB /* Main.storyboard */ = {
			isa = PBXVariantGroup;
			children = (
				01D93E2A21916B52004132BB /* Base */,
			);
			name = Main.storyboard;
			sourceTree = "<group>";
		};
		01D93E2E21916B54004132BB /* LaunchScreen.storyboard */ = {
			isa = PBXVariantGroup;
			children = (
				01D93E2F21916B54004132BB /* Base */,
			);
			name = LaunchScreen.storyboard;
			sourceTree = "<group>";
		};
/* End PBXVariantGroup section */

/* Begin XCBuildConfiguration section */
		01D93E3421916B54004132BB /* Debug */ = {
			isa = XCBuildConfiguration;
			buildSettings = {
				ALWAYS_SEARCH_USER_PATHS = NO;
				CLANG_ANALYZER_NONNULL = YES;
				CLANG_ANALYZER_NUMBER_OBJECT_CONVERSION = YES_AGGRESSIVE;
				CLANG_CXX_LANGUAGE_STANDARD = "gnu++14";
				CLANG_CXX_LIBRARY = "libc++";
				CLANG_ENABLE_MODULES = YES;
				CLANG_ENABLE_OBJC_ARC = YES;
				CLANG_ENABLE_OBJC_WEAK = YES;
				CLANG_WARN_BLOCK_CAPTURE_AUTORELEASING = YES;
				CLANG_WARN_BOOL_CONVERSION = YES;
				CLANG_WARN_COMMA = YES;
				CLANG_WARN_CONSTANT_CONVERSION = YES;
				CLANG_WARN_DEPRECATED_OBJC_IMPLEMENTATIONS = YES;
				CLANG_WARN_DIRECT_OBJC_ISA_USAGE = YES_ERROR;
				CLANG_WARN_DOCUMENTATION_COMMENTS = YES;
				CLANG_WARN_EMPTY_BODY = YES;
				CLANG_WARN_ENUM_CONVERSION = YES;
				CLANG_WARN_INFINITE_RECURSION = YES;
				CLANG_WARN_INT_CONVERSION = YES;
				CLANG_WARN_NON_LITERAL_NULL_CONVERSION = YES;
				CLANG_WARN_OBJC_IMPLICIT_RETAIN_SELF = YES;
				CLANG_WARN_OBJC_LITERAL_CONVERSION = YES;
				CLANG_WARN_OBJC_ROOT_CLASS = YES_ERROR;
				CLANG_WARN_RANGE_LOOP_ANALYSIS = YES;
				CLANG_WARN_STRICT_PROTOTYPES = YES;
				CLANG_WARN_SUSPICIOUS_MOVE = YES;
				CLANG_WARN_UNGUARDED_AVAILABILITY = YES_AGGRESSIVE;
				CLANG_WARN_UNREACHABLE_CODE = YES;
				CLANG_WARN__DUPLICATE_METHOD_MATCH = YES;
				CODE_SIGN_IDENTITY = "iPhone Developer";
				COPY_PHASE_STRIP = NO;
				DEBUG_INFORMATION_FORMAT = dwarf;
				ENABLE_STRICT_OBJC_MSGSEND = YES;
				ENABLE_TESTABILITY = YES;
				GCC_C_LANGUAGE_STANDARD = gnu11;
				GCC_DYNAMIC_NO_PIC = NO;
				GCC_NO_COMMON_BLOCKS = YES;
				GCC_OPTIMIZATION_LEVEL = 0;
				GCC_PREPROCESSOR_DEFINITIONS = (
					"DEBUG=1",
					"$(inherited)",
				);
				GCC_WARN_64_TO_32_BIT_CONVERSION = YES;
				GCC_WARN_ABOUT_RETURN_TYPE = YES_ERROR;
				GCC_WARN_UNDECLARED_SELECTOR = YES;
				GCC_WARN_UNINITIALIZED_AUTOS = YES_AGGRESSIVE;
				GCC_WARN_UNUSED_FUNCTION = YES;
				GCC_WARN_UNUSED_VARIABLE = YES;
				IPHONEOS_DEPLOYMENT_TARGET = 12.0;
				MTL_ENABLE_DEBUG_INFO = INCLUDE_SOURCE;
				MTL_FAST_MATH = YES;
				ONLY_ACTIVE_ARCH = YES;
				SDKROOT = iphoneos;
			};
			name = Debug;
		};
		01D93E3521916B54004132BB /* Release */ = {
			isa = XCBuildConfiguration;
			buildSettings = {
				ALWAYS_SEARCH_USER_PATHS = NO;
				CLANG_ANALYZER_NONNULL = YES;
				CLANG_ANALYZER_NUMBER_OBJECT_CONVERSION = YES_AGGRESSIVE;
				CLANG_CXX_LANGUAGE_STANDARD = "gnu++14";
				CLANG_CXX_LIBRARY = "libc++";
				CLANG_ENABLE_MODULES = YES;
				CLANG_ENABLE_OBJC_ARC = YES;
				CLANG_ENABLE_OBJC_WEAK = YES;
				CLANG_WARN_BLOCK_CAPTURE_AUTORELEASING = YES;
				CLANG_WARN_BOOL_CONVERSION = YES;
				CLANG_WARN_COMMA = YES;
				CLANG_WARN_CONSTANT_CONVERSION = YES;
				CLANG_WARN_DEPRECATED_OBJC_IMPLEMENTATIONS = YES;
				CLANG_WARN_DIRECT_OBJC_ISA_USAGE = YES_ERROR;
				CLANG_WARN_DOCUMENTATION_COMMENTS = YES;
				CLANG_WARN_EMPTY_BODY = YES;
				CLANG_WARN_ENUM_CONVERSION = YES;
				CLANG_WARN_INFINITE_RECURSION = YES;
				CLANG_WARN_INT_CONVERSION = YES;
				CLANG_WARN_NON_LITERAL_NULL_CONVERSION = YES;
				CLANG_WARN_OBJC_IMPLICIT_RETAIN_SELF = YES;
				CLANG_WARN_OBJC_LITERAL_CONVERSION = YES;
				CLANG_WARN_OBJC_ROOT_CLASS = YES_ERROR;
				CLANG_WARN_RANGE_LOOP_ANALYSIS = YES;
				CLANG_WARN_STRICT_PROTOTYPES = YES;
				CLANG_WARN_SUSPICIOUS_MOVE = YES;
				CLANG_WARN_UNGUARDED_AVAILABILITY = YES_AGGRESSIVE;
				CLANG_WARN_UNREACHABLE_CODE = YES;
				CLANG_WARN__DUPLICATE_METHOD_MATCH = YES;
				CODE_SIGN_IDENTITY = "iPhone Developer";
				COPY_PHASE_STRIP = NO;
				DEBUG_INFORMATION_FORMAT = "dwarf-with-dsym";
				ENABLE_NS_ASSERTIONS = NO;
				ENABLE_STRICT_OBJC_MSGSEND = YES;
				GCC_C_LANGUAGE_STANDARD = gnu11;
				GCC_NO_COMMON_BLOCKS = YES;
				GCC_WARN_64_TO_32_BIT_CONVERSION = YES;
				GCC_WARN_ABOUT_RETURN_TYPE = YES_ERROR;
				GCC_WARN_UNDECLARED_SELECTOR = YES;
				GCC_WARN_UNINITIALIZED_AUTOS = YES_AGGRESSIVE;
				GCC_WARN_UNUSED_FUNCTION = YES;
				GCC_WARN_UNUSED_VARIABLE = YES;
				IPHONEOS_DEPLOYMENT_TARGET = 12.0;
				MTL_ENABLE_DEBUG_INFO = NO;
				MTL_FAST_MATH = YES;
				SDKROOT = iphoneos;
				VALIDATE_PRODUCT = YES;
			};
			name = Release;
		};
		01D93E3721916B54004132BB /* Debug */ = {
			isa = XCBuildConfiguration;
			buildSettings = {
				ASSETCATALOG_COMPILER_APPICON_NAME = AppIcon;
				CODE_SIGN_STYLE = Automatic;
				DEVELOPMENT_TEAM = 79N4SQ28KV;
				INFOPLIST_FILE = iosbeginch7a/Info.plist;
				LD_RUNPATH_SEARCH_PATHS = (
					"$(inherited)",
					"@executable_path/Frameworks",
				);
				PRODUCT_BUNDLE_IDENTIFIER = com.myapp.iosbeginch7a;
				PRODUCT_NAME = "$(TARGET_NAME)";
				TARGETED_DEVICE_FAMILY = "1,2";
			};
			name = Debug;
		};
		01D93E3821916B54004132BB /* Release */ = {
			isa = XCBuildConfiguration;
			buildSettings = {
				ASSETCATALOG_COMPILER_APPICON_NAME = AppIcon;
				CODE_SIGN_STYLE = Automatic;
				DEVELOPMENT_TEAM = 79N4SQ28KV;
				INFOPLIST_FILE = iosbeginch7a/Info.plist;
				LD_RUNPATH_SEARCH_PATHS = (
					"$(inherited)",
					"@executable_path/Frameworks",
				);
				PRODUCT_BUNDLE_IDENTIFIER = com.myapp.iosbeginch7a;
				PRODUCT_NAME = "$(TARGET_NAME)";
				TARGETED_DEVICE_FAMILY = "1,2";
			};
			name = Release;
		};
/* End XCBuildConfiguration section */

/* Begin XCConfigurationList section */
		01D93E1B21916B51004132BB /* Build configuration list for PBXProject "iosbeginch7a" */ = {
			isa = XCConfigurationList;
			buildConfigurations = (
				01D93E3421916B54004132BB /* Debug */,
				01D93E3521916B54004132BB /* Release */,
			);
			defaultConfigurationIsVisible = 0;
			defaultConfigurationName = Release;
		};
		01D93E3621916B54004132BB /* Build configuration list for PBXNativeTarget "iosbeginch7a" */ = {
			isa = XCConfigurationList;
			buildConfigurations = (
				01D93E3721916B54004132BB /* Debug */,
				01D93E3821916B54004132BB /* Release */,
			);
			defaultConfigurationIsVisible = 0;
			defaultConfigurationName = Release;
		};
/* End XCConfigurationList section */
	};
	rootObject = 01D93E1821916B51004132BB /* Project object */;
}
