// !$*UTF8*$!
{
	archiveVersion = 1;
	classes = {
	};
	objectVersion = 50;
	objects = {

/* Begin PBXBuildFile section */
		0187430C21A7EC7B00666DEF /* AppDelegate.m in Sources */ = {isa = PBXBuildFile; fileRef = 0187430B21A7EC7B00666DEF /* AppDelegate.m */; };
		0187430F21A7EC7B00666DEF /* ViewController.m in Sources */ = {isa = PBXBuildFile; fileRef = 0187430E21A7EC7B00666DEF /* ViewController.m */; };
		0187431221A7EC7B00666DEF /* Main.storyboard in Resources */ = {isa = PBXBuildFile; fileRef = 0187431021A7EC7B00666DEF /* Main.storyboard */; };
		0187431421A7EC7D00666DEF /* Assets.xcassets in Resources */ = {isa = PBXBuildFile; fileRef = 0187431321A7EC7D00666DEF /* Assets.xcassets */; };
		0187431721A7EC7D00666DEF /* LaunchScreen.storyboard in Resources */ = {isa = PBXBuildFile; fileRef = 0187431521A7EC7D00666DEF /* LaunchScreen.storyboard */; };
		0187431A21A7EC7D00666DEF /* main.m in Sources */ = {isa = PBXBuildFile; fileRef = 0187431921A7EC7D00666DEF /* main.m */; };
		0187432221A7FEAE00666DEF /* Place.m in Sources */ = {isa = PBXBuildFile; fileRef = 0187432121A7FEAE00666DEF /* Place.m */; };
/* End PBXBuildFile section */

/* Begin PBXFileReference section */
		0187430721A7EC7B00666DEF /* iosbeginch19.app */ = {isa = PBXFileReference; explicitFileType = wrapper.application; includeInIndex = 0; path = iosbeginch19.app; sourceTree = BUILT_PRODUCTS_DIR; };
		0187430A21A7EC7B00666DEF /* AppDelegate.h */ = {isa = PBXFileReference; lastKnownFileType = sourcecode.c.h; path = AppDelegate.h; sourceTree = "<group>"; };
		0187430B21A7EC7B00666DEF /* AppDelegate.m */ = {isa = PBXFileReference; lastKnownFileType = sourcecode.c.objc; path = AppDelegate.m; sourceTree = "<group>"; };
		0187430D21A7EC7B00666DEF /* ViewController.h */ = {isa = PBXFileReference; lastKnownFileType = sourcecode.c.h; path = ViewController.h; sourceTree = "<group>"; };
		0187430E21A7EC7B00666DEF /* ViewController.m */ = {isa = PBXFileReference; lastKnownFileType = sourcecode.c.objc; path = ViewController.m; sourceTree = "<group>"; };
		0187431121A7EC7B00666DEF /* Base */ = {isa = PBXFileReference; lastKnownFileType = file.storyboard; name = Base; path = Base.lproj/Main.storyboard; sourceTree = "<group>"; };
		0187431321A7EC7D00666DEF /* Assets.xcassets */ = {isa = PBXFileReference; lastKnownFileType = folder.assetcatalog; path = Assets.xcassets; sourceTree = "<group>"; };
		0187431621A7EC7D00666DEF /* Base */ = {isa = PBXFileReference; lastKnownFileType = file.storyboard; name = Base; path = Base.lproj/LaunchScreen.storyboard; sourceTree = "<group>"; };
		0187431821A7EC7D00666DEF /* Info.plist */ = {isa = PBXFileReference; lastKnownFileType = text.plist.xml; path = Info.plist; sourceTree = "<group>"; };
		0187431921A7EC7D00666DEF /* main.m */ = {isa = PBXFileReference; lastKnownFileType = sourcecode.c.objc; path = main.m; sourceTree = "<group>"; };
		0187432021A7FEAE00666DEF /* Place.h */ = {isa = PBXFileReference; lastKnownFileType = sourcecode.c.h; path = Place.h; sourceTree = "<group>"; };
		0187432121A7FEAE00666DEF /* Place.m */ = {isa = PBXFileReference; lastKnownFileType = sourcecode.c.objc; path = Place.m; sourceTree = "<group>"; };
/* End PBXFileReference section */

/* Begin PBXFrameworksBuildPhase section */
		0187430421A7EC7B00666DEF /* Frameworks */ = {
			isa = PBXFrameworksBuildPhase;
			buildActionMask = 2147483647;
			files = (
			);
			runOnlyForDeploymentPostprocessing = 0;
		};
/* End PBXFrameworksBuildPhase section */

/* Begin PBXGroup section */
		018742FE21A7EC7B00666DEF = {
			isa = PBXGroup;
			children = (
				0187430921A7EC7B00666DEF /* iosbeginch19 */,
				0187430821A7EC7B00666DEF /* Products */,
			);
			sourceTree = "<group>";
		};
		0187430821A7EC7B00666DEF /* Products */ = {
			isa = PBXGroup;
			children = (
				0187430721A7EC7B00666DEF /* iosbeginch19.app */,
			);
			name = Products;
			sourceTree = "<group>";
		};
		0187430921A7EC7B00666DEF /* iosbeginch19 */ = {
			isa = PBXGroup;
			children = (
				0187430A21A7EC7B00666DEF /* AppDelegate.h */,
				0187430B21A7EC7B00666DEF /* AppDelegate.m */,
				0187430D21A7EC7B00666DEF /* ViewController.h */,
				0187430E21A7EC7B00666DEF /* ViewController.m */,
				0187432021A7FEAE00666DEF /* Place.h */,
				0187432121A7FEAE00666DEF /* Place.m */,
				0187431021A7EC7B00666DEF /* Main.storyboard */,
				0187431321A7EC7D00666DEF /* Assets.xcassets */,
				0187431521A7EC7D00666DEF /* LaunchScreen.storyboard */,
				0187431821A7EC7D00666DEF /* Info.plist */,
				0187431921A7EC7D00666DEF /* main.m */,
			);
			path = iosbeginch19;
			sourceTree = "<group>";
		};
/* End PBXGroup section */

/* Begin PBXNativeTarget section */
		0187430621A7EC7B00666DEF /* iosbeginch19 */ = {
			isa = PBXNativeTarget;
			buildConfigurationList = 0187431D21A7EC7D00666DEF /* Build configuration list for PBXNativeTarget "iosbeginch19" */;
			buildPhases = (
				0187430321A7EC7B00666DEF /* Sources */,
				0187430421A7EC7B00666DEF /* Frameworks */,
				0187430521A7EC7B00666DEF /* Resources */,
			);
			buildRules = (
			);
			dependencies = (
			);
			name = iosbeginch19;
			productName = iosbeginch19;
			productReference = 0187430721A7EC7B00666DEF /* iosbeginch19.app */;
			productType = "com.apple.product-type.application";
		};
/* End PBXNativeTarget section */

/* Begin PBXProject section */
		018742FF21A7EC7B00666DEF /* Project object */ = {
			isa = PBXProject;
			attributes = {
				LastUpgradeCheck = 1010;
				ORGANIZATIONNAME = annilq;
				TargetAttributes = {
					0187430621A7EC7B00666DEF = {
						CreatedOnToolsVersion = 10.1;
					};
				};
			};
			buildConfigurationList = 0187430221A7EC7B00666DEF /* Build configuration list for PBXProject "iosbeginch19" */;
			compatibilityVersion = "Xcode 9.3";
			developmentRegion = en;
			hasScannedForEncodings = 0;
			knownRegions = (
				en,
				Base,
			);
			mainGroup = 018742FE21A7EC7B00666DEF;
			productRefGroup = 0187430821A7EC7B00666DEF /* Products */;
			projectDirPath = "";
			projectRoot = "";
			targets = (
				0187430621A7EC7B00666DEF /* iosbeginch19 */,
			);
		};
/* End PBXProject section */

/* Begin PBXResourcesBuildPhase section */
		0187430521A7EC7B00666DEF /* Resources */ = {
			isa = PBXResourcesBuildPhase;
			buildActionMask = 2147483647;
			files = (
				0187431721A7EC7D00666DEF /* LaunchScreen.storyboard in Resources */,
				0187431421A7EC7D00666DEF /* Assets.xcassets in Resources */,
				0187431221A7EC7B00666DEF /* Main.storyboard in Resources */,
			);
			runOnlyForDeploymentPostprocessing = 0;
		};
/* End PBXResourcesBuildPhase section */

/* Begin PBXSourcesBuildPhase section */
		0187430321A7EC7B00666DEF /* Sources */ = {
			isa = PBXSourcesBuildPhase;
			buildActionMask = 2147483647;
			files = (
				0187430F21A7EC7B00666DEF /* ViewController.m in Sources */,
				0187431A21A7EC7D00666DEF /* main.m in Sources */,
				0187430C21A7EC7B00666DEF /* AppDelegate.m in Sources */,
				0187432221A7FEAE00666DEF /* Place.m in Sources */,
			);
			runOnlyForDeploymentPostprocessing = 0;
		};
/* End PBXSourcesBuildPhase section */

/* Begin PBXVariantGroup section */
		0187431021A7EC7B00666DEF /* Main.storyboard */ = {
			isa = PBXVariantGroup;
			children = (
				0187431121A7EC7B00666DEF /* Base */,
			);
			name = Main.storyboard;
			sourceTree = "<group>";
		};
		0187431521A7EC7D00666DEF /* LaunchScreen.storyboard */ = {
			isa = PBXVariantGroup;
			children = (
				0187431621A7EC7D00666DEF /* Base */,
			);
			name = LaunchScreen.storyboard;
			sourceTree = "<group>";
		};
/* End PBXVariantGroup section */

/* Begin XCBuildConfiguration section */
		0187431B21A7EC7D00666DEF /* Debug */ = {
			isa = XCBuildConfiguration;
			buildSettings = {
				ALWAYS_SEARCH_USER_PATHS = NO;
				CLANG_ANALYZER_NONNULL = YES;
				CLANG_ANALYZER_NUMBER_OBJECT_CONVERSION = YES_AGGRESSIVE;
				CLANG_CXX_LANGUAGE_STANDARD = "gnu++14";
				CLANG_CXX_LIBRARY = "libc++";
				CLANG_ENABLE_MODULES = YES;
				CLANG_ENABLE_OBJC_ARC = YES;
				CLANG_ENABLE_OBJC_WEAK = YES;
				CLANG_WARN_BLOCK_CAPTURE_AUTORELEASING = YES;
				CLANG_WARN_BOOL_CONVERSION = YES;
				CLANG_WARN_COMMA = YES;
				CLANG_WARN_CONSTANT_CONVERSION = YES;
				CLANG_WARN_DEPRECATED_OBJC_IMPLEMENTATIONS = YES;
				CLANG_WARN_DIRECT_OBJC_ISA_USAGE = YES_ERROR;
				CLANG_WARN_DOCUMENTATION_COMMENTS = YES;
				CLANG_WARN_EMPTY_BODY = YES;
				CLANG_WARN_ENUM_CONVERSION = YES;
				CLANG_WARN_INFINITE_RECURSION = YES;
				CLANG_WARN_INT_CONVERSION = YES;
				CLANG_WARN_NON_LITERAL_NULL_CONVERSION = YES;
				CLANG_WARN_OBJC_IMPLICIT_RETAIN_SELF = YES;
				CLANG_WARN_OBJC_LITERAL_CONVERSION = YES;
				CLANG_WARN_OBJC_ROOT_CLASS = YES_ERROR;
				CLANG_WARN_RANGE_LOOP_ANALYSIS = YES;
				CLANG_WARN_STRICT_PROTOTYPES = YES;
				CLANG_WARN_SUSPICIOUS_MOVE = YES;
				CLANG_WARN_UNGUARDED_AVAILABILITY = YES_AGGRESSIVE;
				CLANG_WARN_UNREACHABLE_CODE = YES;
				CLANG_WARN__DUPLICATE_METHOD_MATCH = YES;
				CODE_SIGN_IDENTITY = "iPhone Developer";
				COPY_PHASE_STRIP = NO;
				DEBUG_INFORMATION_FORMAT = dwarf;
				ENABLE_STRICT_OBJC_MSGSEND = YES;
				ENABLE_TESTABILITY = YES;
				GCC_C_LANGUAGE_STANDARD = gnu11;
				GCC_DYNAMIC_NO_PIC = NO;
				GCC_NO_COMMON_BLOCKS = YES;
				GCC_OPTIMIZATION_LEVEL = 0;
				GCC_PREPROCESSOR_DEFINITIONS = (
					"DEBUG=1",
					"$(inherited)",
				);
				GCC_WARN_64_TO_32_BIT_CONVERSION = YES;
				GCC_WARN_ABOUT_RETURN_TYPE = YES_ERROR;
				GCC_WARN_UNDECLARED_SELECTOR = YES;
				GCC_WARN_UNINITIALIZED_AUTOS = YES_AGGRESSIVE;
				GCC_WARN_UNUSED_FUNCTION = YES;
				GCC_WARN_UNUSED_VARIABLE = YES;
				IPHONEOS_DEPLOYMENT_TARGET = 12.1;
				MTL_ENABLE_DEBUG_INFO = INCLUDE_SOURCE;
				MTL_FAST_MATH = YES;
				ONLY_ACTIVE_ARCH = YES;
				SDKROOT = iphoneos;
			};
			name = Debug;
		};
		0187431C21A7EC7D00666DEF /* Release */ = {
			isa = XCBuildConfiguration;
			buildSettings = {
				ALWAYS_SEARCH_USER_PATHS = NO;
				CLANG_ANALYZER_NONNULL = YES;
				CLANG_ANALYZER_NUMBER_OBJECT_CONVERSION = YES_AGGRESSIVE;
				CLANG_CXX_LANGUAGE_STANDARD = "gnu++14";
				CLANG_CXX_LIBRARY = "libc++";
				CLANG_ENABLE_MODULES = YES;
				CLANG_ENABLE_OBJC_ARC = YES;
				CLANG_ENABLE_OBJC_WEAK = YES;
				CLANG_WARN_BLOCK_CAPTURE_AUTORELEASING = YES;
				CLANG_WARN_BOOL_CONVERSION = YES;
				CLANG_WARN_COMMA = YES;
				CLANG_WARN_CONSTANT_CONVERSION = YES;
				CLANG_WARN_DEPRECATED_OBJC_IMPLEMENTATIONS = YES;
				CLANG_WARN_DIRECT_OBJC_ISA_USAGE = YES_ERROR;
				CLANG_WARN_DOCUMENTATION_COMMENTS = YES;
				CLANG_WARN_EMPTY_BODY = YES;
				CLANG_WARN_ENUM_CONVERSION = YES;
				CLANG_WARN_INFINITE_RECURSION = YES;
				CLANG_WARN_INT_CONVERSION = YES;
				CLANG_WARN_NON_LITERAL_NULL_CONVERSION = YES;
				CLANG_WARN_OBJC_IMPLICIT_RETAIN_SELF = YES;
				CLANG_WARN_OBJC_LITERAL_CONVERSION = YES;
				CLANG_WARN_OBJC_ROOT_CLASS = YES_ERROR;
				CLANG_WARN_RANGE_LOOP_ANALYSIS = YES;
				CLANG_WARN_STRICT_PROTOTYPES = YES;
				CLANG_WARN_SUSPICIOUS_MOVE = YES;
				CLANG_WARN_UNGUARDED_AVAILABILITY = YES_AGGRESSIVE;
				CLANG_WARN_UNREACHABLE_CODE = YES;
				CLANG_WARN__DUPLICATE_METHOD_MATCH = YES;
				CODE_SIGN_IDENTITY = "iPhone Developer";
				COPY_PHASE_STRIP = NO;
				DEBUG_INFORMATION_FORMAT = "dwarf-with-dsym";
				ENABLE_NS_ASSERTIONS = NO;
				ENABLE_STRICT_OBJC_MSGSEND = YES;
				GCC_C_LANGUAGE_STANDARD = gnu11;
				GCC_NO_COMMON_BLOCKS = YES;
				GCC_WARN_64_TO_32_BIT_CONVERSION = YES;
				GCC_WARN_ABOUT_RETURN_TYPE = YES_ERROR;
				GCC_WARN_UNDECLARED_SELECTOR = YES;
				GCC_WARN_UNINITIALIZED_AUTOS = YES_AGGRESSIVE;
				GCC_WARN_UNUSED_FUNCTION = YES;
				GCC_WARN_UNUSED_VARIABLE = YES;
				IPHONEOS_DEPLOYMENT_TARGET = 12.1;
				MTL_ENABLE_DEBUG_INFO = NO;
				MTL_FAST_MATH = YES;
				SDKROOT = iphoneos;
				VALIDATE_PRODUCT = YES;
			};
			name = Release;
		};
		0187431E21A7EC7D00666DEF /* Debug */ = {
			isa = XCBuildConfiguration;
			buildSettings = {
				ASSETCATALOG_COMPILER_APPICON_NAME = AppIcon;
				CODE_SIGN_STYLE = Automatic;
				DEVELOPMENT_TEAM = L8U54MA62N;
				INFOPLIST_FILE = iosbeginch19/Info.plist;
				IPHONEOS_DEPLOYMENT_TARGET = 10.0;
				LD_RUNPATH_SEARCH_PATHS = (
					"$(inherited)",
					"@executable_path/Frameworks",
				);
				PRODUCT_BUNDLE_IDENTIFIER = com.jianguanoa.com;
				PRODUCT_NAME = "$(TARGET_NAME)";
				TARGETED_DEVICE_FAMILY = "1,2";
			};
			name = Debug;
		};
		0187431F21A7EC7D00666DEF /* Release */ = {
			isa = XCBuildConfiguration;
			buildSettings = {
				ASSETCATALOG_COMPILER_APPICON_NAME = AppIcon;
				CODE_SIGN_STYLE = Automatic;
				DEVELOPMENT_TEAM = L8U54MA62N;
				INFOPLIST_FILE = iosbeginch19/Info.plist;
				IPHONEOS_DEPLOYMENT_TARGET = 10.0;
				LD_RUNPATH_SEARCH_PATHS = (
					"$(inherited)",
					"@executable_path/Frameworks",
				);
				PRODUCT_BUNDLE_IDENTIFIER = com.jianguanoa.com;
				PRODUCT_NAME = "$(TARGET_NAME)";
				TARGETED_DEVICE_FAMILY = "1,2";
			};
			name = Release;
		};
/* End XCBuildConfiguration section */

/* Begin XCConfigurationList section */
		0187430221A7EC7B00666DEF /* Build configuration list for PBXProject "iosbeginch19" */ = {
			isa = XCConfigurationList;
			buildConfigurations = (
				0187431B21A7EC7D00666DEF /* Debug */,
				0187431C21A7EC7D00666DEF /* Release */,
			);
			defaultConfigurationIsVisible = 0;
			defaultConfigurationName = Release;
		};
		0187431D21A7EC7D00666DEF /* Build configuration list for PBXNativeTarget "iosbeginch19" */ = {
			isa = XCConfigurationList;
			buildConfigurations = (
				0187431E21A7EC7D00666DEF /* Debug */,
				0187431F21A7EC7D00666DEF /* Release */,
			);
			defaultConfigurationIsVisible = 0;
			defaultConfigurationName = Release;
		};
/* End XCConfigurationList section */
	};
	rootObject = 018742FF21A7EC7B00666DEF /* Project object */;
}
